Microsoft Visual Studio Solution File, Format Version 12.00
# Visual Studio Version 17
VisualStudioVersion = 17.5.2.0
MinimumVisualStudioVersion = 10.0.40219.1
Project("{FAE04EC0-301F-11D3-BF4B-00C04F79EFBC}") = "GameCards.Client", "GameCards.Client\GameCards.Client.csproj", "{4D95E396-6293-71B2-54FF-846E88C4D6D4}"
EndProject
Project("{FAE04EC0-301F-11D3-BF4B-00C04F79EFBC}") = "GameCards.Server", "GameCards.Server\GameCards.Server.csproj", "{5AF116C3-7BA3-A8A5-FC62-20C3413FCB2A}"
EndProject
Project("{FAE04EC0-301F-11D3-BF4B-00C04F79EFBC}") = "GameCards.Shared", "GameCards.Shared\GameCards.Shared.csproj", "{6B3FB9B9-EE6F-9F56-4F59-9BE0A9CBF5B5}"
EndProject
Global
	GlobalSection(SolutionConfigurationPlatforms) = preSolution
		Debug|Any CPU = Debug|Any CPU
		Release|Any CPU = Release|Any CPU
	EndGlobalSection
	GlobalSection(ProjectConfigurationPlatforms) = postSolution
		{4D95E396-6293-71B2-54FF-846E88C4D6D4}.Debug|Any CPU.ActiveCfg = Debug|Any CPU
		{4D95E396-6293-71B2-54FF-846E88C4D6D4}.Debug|Any CPU.Build.0 = Debug|Any CPU
		{4D95E396-6293-71B2-54FF-846E88C4D6D4}.Release|Any CPU.ActiveCfg = Release|Any CPU
		{4D95E396-6293-71B2-54FF-846E88C4D6D4}.Release|Any CPU.Build.0 = Release|Any CPU
		{5AF116C3-7BA3-A8A5-FC62-20C3413FCB2A}.Debug|Any CPU.ActiveCfg = Debug|Any CPU
		{5AF116C3-7BA3-A8A5-FC62-20C3413FCB2A}.Debug|Any CPU.Build.0 = Debug|Any CPU
		{5AF116C3-7BA3-A8A5-FC62-20C3413FCB2A}.Release|Any CPU.ActiveCfg = Release|Any CPU
		{5AF116C3-7BA3-A8A5-FC62-20C3413FCB2A}.Release|Any CPU.Build.0 = Release|Any CPU
		{6B3FB9B9-EE6F-9F56-4F59-9BE0A9CBF5B5}.Debug|Any CPU.ActiveCfg = Debug|Any CPU
		{6B3FB9B9-EE6F-9F56-4F59-9BE0A9CBF5B5}.Debug|Any CPU.Build.0 = Debug|Any CPU
		{6B3FB9B9-EE6F-9F56-4F59-9BE0A9CBF5B5}.Release|Any CPU.ActiveCfg = Release|Any CPU
		{6B3FB9B9-EE6F-9F56-4F59-9BE0A9CBF5B5}.Release|Any CPU.Build.0 = Release|Any CPU
	EndGlobalSection
	GlobalSection(SolutionProperties) = preSolution
		HideSolutionNode = FALSE
	EndGlobalSection
	GlobalSection(ExtensibilityGlobals) = postSolution
		SolutionGuid = {D4CA50F2-5919-4BDD-BEEC-7839EA1CC478}
	EndGlobalSection
EndGlobal
